{
  "name": "web",
  "version": "1.0.0",
  "lockfileVersion": 1,
  "requires": true,
  "dependencies": {
    "async-limiter": {
      "version": "1.0.0",
      "resolved": "https://registry.npmjs.org/async-limiter/-/async-limiter-1.0.0.tgz",
      "integrity": "sha512-jp/uFnooOiO+L211eZOoSyzpOITMXx1rBITauYykG3BRYPu8h0UcxsPNB04RR5vo4Tyz3+ay17tR6JVf9qzYWg=="
    },
    "babel-runtime": {
      "version": "6.26.0",
      "resolved": "https://registry.npmjs.org/babel-runtime/-/babel-runtime-6.26.0.tgz",
      "integrity": "sha1-llxwWGaOgrVde/4E/yM3vItWR/4=",
      "requires": {
        "core-js": "2.5.7",
        "regenerator-runtime": "0.11.1"
      }
    },
    "bluebird": {
      "version": "3.5.2",
      "resolved": "https://registry.npmjs.org/bluebird/-/bluebird-3.5.2.tgz",
      "integrity": "sha512-dhHTWMI7kMx5whMQntl7Vr9C6BvV10lFXDAasnqnrMYhXVCzzk6IO9Fo2L75jXHT07WrOngL1WDXOp+yYS91Yg=="
    },
    "core-js": {
      "version": "2.5.7",
      "resolved": "https://registry.npmjs.org/core-js/-/core-js-2.5.7.tgz",
      "integrity": "sha512-RszJCAxg/PP6uzXVXL6BsxSXx/B05oJAQ2vkJRjyjrEcNVycaqOmNb5OTxZPE3xa5gwZduqza6L9JOCenh/Ecw=="
    },
    "parse": {
      "version": "2.0.1",
      "resolved": "https://registry.npmjs.org/parse/-/parse-2.0.1.tgz",
      "integrity": "sha512-5jx5fYPkanO3WBQkQ/kQpo643a4X9vJ4fPEPB6iuX+Gqi81dTpdZ0eajg4HoAIIFqom+mmunSM7GGmma5v1Ubw==",
      "requires": {
        "babel-runtime": "6.26.0",
        "ws": "6.0.0",
        "xmlhttprequest": "1.8.0"
      }
    },
    "regenerator-runtime": {
      "version": "0.11.1",
      "resolved": "https://registry.npmjs.org/regenerator-runtime/-/regenerator-runtime-0.11.1.tgz",
      "integrity": "sha512-MguG95oij0fC3QV3URf4V2SDYGJhJnJGqvIIgdECeODCT98wSWDAJ94SSuVpYQUoTcGUIL6L4yNB7j1DFFHSBg=="
    },
    "ws": {
      "version": "6.0.0",
      "resolved": "https://registry.npmjs.org/ws/-/ws-6.0.0.tgz",
      "integrity": "sha512-c2UlYcAZp1VS8AORtpq6y4RJIkJ9dQz18W32SpR/qXGfLDZ2jU4y4wKvvZwqbi7U6gxFQTeE+urMbXU/tsDy4w==",
      "requires": {
        "async-limiter": "1.0.0"
      }
    },
    "xmlhttprequest": {
      "version": "1.8.0",
      "resolved": "https://registry.npmjs.org/xmlhttprequest/-/xmlhttprequest-1.8.0.tgz",
      "integrity": "sha1-Z/4HXFwk/vOfnWX197f+dRcZaPw="
    }
  }
}
